
Microsoft Visual Studio Solution File, Format Version 12.00
# Visual Studio 15
VisualStudioVersion = 15.0.28010.2019
MinimumVisualStudioVersion = 10.0.40219.1
Project("{9A19103F-16F7-4668-BE54-9A1E7A4F7556}") = "TestgRPCAuthentication.ServerService", "TestgRPCAuthentication.Server\TestgRPCAuthentication.ServerService.csproj", "{62134048-7C3D-4FD7-8972-7930EAFE5EFD}"
EndProject
Project("{9A19103F-16F7-4668-BE54-9A1E7A4F7556}") = "TestgRPCAuthentication.ClientApp1", "TestgRPCAuthentication.ClientApp1\TestgRPCAuthentication.ClientApp1.csproj", "{06C70A22-1200-4700-A2D2-D3690C725C22}"
EndProject
Project("{9A19103F-16F7-4668-BE54-9A1E7A4F7556}") = "TestgRPCAuthentication.GrpcProto", "TestgRPCAuthentication.GrpcProto\TestgRPCAuthentication.GrpcProto.csproj", "{ED336D4F-983D-442A-8403-640D50BE2D4C}"
EndProject
Project("{9A19103F-16F7-4668-BE54-9A1E7A4F7556}") = "TestgRPCAuthentication.WebApi1", "TestgRPCAuthentication.WebApi1\TestgRPCAuthentication.WebApi1.csproj", "{1A0A4F43-561C-4443-910B-D5A720BA32B2}"
EndProject
Project("{9A19103F-16F7-4668-BE54-9A1E7A4F7556}") = "App1", "identityserver\App1.csproj", "{3FCD26F4-01C1-4FA1-A182-9C37E66097B9}"
EndProject
Global
	GlobalSection(SolutionConfigurationPlatforms) = preSolution
		Debug|Any CPU = Debug|Any CPU
		Release|Any CPU = Release|Any CPU
	EndGlobalSection
	GlobalSection(ProjectConfigurationPlatforms) = postSolution
		{62134048-7C3D-4FD7-8972-7930EAFE5EFD}.Debug|Any CPU.ActiveCfg = Debug|Any CPU
		{62134048-7C3D-4FD7-8972-7930EAFE5EFD}.Debug|Any CPU.Build.0 = Debug|Any CPU
		{62134048-7C3D-4FD7-8972-7930EAFE5EFD}.Release|Any CPU.ActiveCfg = Release|Any CPU
		{62134048-7C3D-4FD7-8972-7930EAFE5EFD}.Release|Any CPU.Build.0 = Release|Any CPU
		{06C70A22-1200-4700-A2D2-D3690C725C22}.Debug|Any CPU.ActiveCfg = Debug|Any CPU
		{06C70A22-1200-4700-A2D2-D3690C725C22}.Debug|Any CPU.Build.0 = Debug|Any CPU
		{06C70A22-1200-4700-A2D2-D3690C725C22}.Release|Any CPU.ActiveCfg = Release|Any CPU
		{06C70A22-1200-4700-A2D2-D3690C725C22}.Release|Any CPU.Build.0 = Release|Any CPU
		{ED336D4F-983D-442A-8403-640D50BE2D4C}.Debug|Any CPU.ActiveCfg = Debug|Any CPU
		{ED336D4F-983D-442A-8403-640D50BE2D4C}.Debug|Any CPU.Build.0 = Debug|Any CPU
		{ED336D4F-983D-442A-8403-640D50BE2D4C}.Release|Any CPU.ActiveCfg = Release|Any CPU
		{ED336D4F-983D-442A-8403-640D50BE2D4C}.Release|Any CPU.Build.0 = Release|Any CPU
		{1A0A4F43-561C-4443-910B-D5A720BA32B2}.Debug|Any CPU.ActiveCfg = Debug|Any CPU
		{1A0A4F43-561C-4443-910B-D5A720BA32B2}.Debug|Any CPU.Build.0 = Debug|Any CPU
		{1A0A4F43-561C-4443-910B-D5A720BA32B2}.Release|Any CPU.ActiveCfg = Release|Any CPU
		{1A0A4F43-561C-4443-910B-D5A720BA32B2}.Release|Any CPU.Build.0 = Release|Any CPU
		{3FCD26F4-01C1-4FA1-A182-9C37E66097B9}.Debug|Any CPU.ActiveCfg = Debug|Any CPU
		{3FCD26F4-01C1-4FA1-A182-9C37E66097B9}.Debug|Any CPU.Build.0 = Debug|Any CPU
		{3FCD26F4-01C1-4FA1-A182-9C37E66097B9}.Release|Any CPU.ActiveCfg = Release|Any CPU
		{3FCD26F4-01C1-4FA1-A182-9C37E66097B9}.Release|Any CPU.Build.0 = Release|Any CPU
	EndGlobalSection
	GlobalSection(SolutionProperties) = preSolution
		HideSolutionNode = FALSE
	EndGlobalSection
	GlobalSection(ExtensibilityGlobals) = postSolution
		SolutionGuid = {16009076-FF32-4F47-8212-A33B321DF68A}
	EndGlobalSection
EndGlobal
